
Microsoft Visual Studio Solution File, Format Version 12.00
# Visual Studio Version 16
VisualStudioVersion = 16.0.30907.101
MinimumVisualStudioVersion = 10.0.40219.1
Project("{9A19103F-16F7-4668-BE54-9A1E7A4F7556}") = "waxnet", "waxnet.csproj", "{165D84D7-0D09-48E7-8053-3226D21D2B87}"
EndProject
Project("{FAE04EC0-301F-11D3-BF4B-00C04F79EFBC}") = "WaxDebuger", "..\WaxDebuger\WaxDebuger.csproj", "{3CB1A2A4-10E6-4112-A351-39F8853274B8}"
EndProject
Global
	GlobalSection(SolutionConfigurationPlatforms) = preSolution
		Debug|Any CPU = Debug|Any CPU
		Release|Any CPU = Release|Any CPU
	EndGlobalSection
	GlobalSection(ProjectConfigurationPlatforms) = postSolution
		{165D84D7-0D09-48E7-8053-3226D21D2B87}.Debug|Any CPU.ActiveCfg = Debug|Any CPU
		{165D84D7-0D09-48E7-8053-3226D21D2B87}.Debug|Any CPU.Build.0 = Debug|Any CPU
		{165D84D7-0D09-48E7-8053-3226D21D2B87}.Release|Any CPU.ActiveCfg = Release|Any CPU
		{165D84D7-0D09-48E7-8053-3226D21D2B87}.Release|Any CPU.Build.0 = Release|Any CPU
		{3CB1A2A4-10E6-4112-A351-39F8853274B8}.Debug|Any CPU.ActiveCfg = Debug|Any CPU
		{3CB1A2A4-10E6-4112-A351-39F8853274B8}.Debug|Any CPU.Build.0 = Debug|Any CPU
		{3CB1A2A4-10E6-4112-A351-39F8853274B8}.Release|Any CPU.ActiveCfg = Release|Any CPU
		{3CB1A2A4-10E6-4112-A351-39F8853274B8}.Release|Any CPU.Build.0 = Release|Any CPU
	EndGlobalSection
	GlobalSection(SolutionProperties) = preSolution
		HideSolutionNode = FALSE
	EndGlobalSection
	GlobalSection(ExtensibilityGlobals) = postSolution
		SolutionGuid = {85C37702-5C06-4A58-988C-9A19F68DE247}
	EndGlobalSection
EndGlobal
